
Microsoft Visual Studio Solution File, Format Version 12.00
# Visual Studio Version 16
VisualStudioVersion = 16.0.29020.237
MinimumVisualStudioVersion = 10.0.40219.1
Project("{9A19103F-16F7-4668-BE54-9A1E7A4F7556}") = "PjoterParker.Core", "PjoterParker.Core\PjoterParker.Core.csproj", "{891A97B4-7F74-4AD0-9F63-32D5EEF1A5FC}"
EndProject
Project("{FAE04EC0-301F-11D3-BF4B-00C04F79EFBC}") = "PjoterParker.EventStore", "PjoterParker.EventStore\PjoterParker.EventStore.csproj", "{90C23AD7-46CB-4DB3-A85B-A8096293CE38}"
EndProject
Project("{FAE04EC0-301F-11D3-BF4B-00C04F79EFBC}") = "PjoterParker.Development", "PjoterParker.Development\PjoterParker.Development.csproj", "{7D04DAAE-9267-493C-8A40-D440401C4CB5}"
EndProject
Project("{FAE04EC0-301F-11D3-BF4B-00C04F79EFBC}") = "PjoterParker.Api", "PjoterParker.Api\PjoterParker.Api.csproj", "{9C2D0BF1-BF30-459E-8653-748FADC407E0}"
EndProject
Project("{FAE04EC0-301F-11D3-BF4B-00C04F79EFBC}") = "PjoterParker.Common", "PjoterParker.Common\PjoterParker.Common.csproj", "{BDF55178-AF2E-44A0-8B0E-EE35ED5B6D97}"
EndProject
Project("{FAE04EC0-301F-11D3-BF4B-00C04F79EFBC}") = "PjoterParker.Api.Database", "PjoterParker.Database\PjoterParker.Api.Database.csproj", "{58106FFA-090E-4345-A70F-5A79C43C1F05}"
EndProject
Global
	GlobalSection(SolutionConfigurationPlatforms) = preSolution
		Debug|Any CPU = Debug|Any CPU
		Release|Any CPU = Release|Any CPU
	EndGlobalSection
	GlobalSection(ProjectConfigurationPlatforms) = postSolution
		{891A97B4-7F74-4AD0-9F63-32D5EEF1A5FC}.Debug|Any CPU.ActiveCfg = Debug|Any CPU
		{891A97B4-7F74-4AD0-9F63-32D5EEF1A5FC}.Debug|Any CPU.Build.0 = Debug|Any CPU
		{891A97B4-7F74-4AD0-9F63-32D5EEF1A5FC}.Release|Any CPU.ActiveCfg = Release|Any CPU
		{891A97B4-7F74-4AD0-9F63-32D5EEF1A5FC}.Release|Any CPU.Build.0 = Release|Any CPU
		{90C23AD7-46CB-4DB3-A85B-A8096293CE38}.Debug|Any CPU.ActiveCfg = Debug|Any CPU
		{90C23AD7-46CB-4DB3-A85B-A8096293CE38}.Debug|Any CPU.Build.0 = Debug|Any CPU
		{90C23AD7-46CB-4DB3-A85B-A8096293CE38}.Release|Any CPU.ActiveCfg = Release|Any CPU
		{90C23AD7-46CB-4DB3-A85B-A8096293CE38}.Release|Any CPU.Build.0 = Release|Any CPU
		{7D04DAAE-9267-493C-8A40-D440401C4CB5}.Debug|Any CPU.ActiveCfg = Debug|Any CPU
		{7D04DAAE-9267-493C-8A40-D440401C4CB5}.Debug|Any CPU.Build.0 = Debug|Any CPU
		{7D04DAAE-9267-493C-8A40-D440401C4CB5}.Release|Any CPU.ActiveCfg = Release|Any CPU
		{7D04DAAE-9267-493C-8A40-D440401C4CB5}.Release|Any CPU.Build.0 = Release|Any CPU
		{9C2D0BF1-BF30-459E-8653-748FADC407E0}.Debug|Any CPU.ActiveCfg = Debug|Any CPU
		{9C2D0BF1-BF30-459E-8653-748FADC407E0}.Debug|Any CPU.Build.0 = Debug|Any CPU
		{9C2D0BF1-BF30-459E-8653-748FADC407E0}.Release|Any CPU.ActiveCfg = Release|Any CPU
		{9C2D0BF1-BF30-459E-8653-748FADC407E0}.Release|Any CPU.Build.0 = Release|Any CPU
		{BDF55178-AF2E-44A0-8B0E-EE35ED5B6D97}.Debug|Any CPU.ActiveCfg = Debug|Any CPU
		{BDF55178-AF2E-44A0-8B0E-EE35ED5B6D97}.Debug|Any CPU.Build.0 = Debug|Any CPU
		{BDF55178-AF2E-44A0-8B0E-EE35ED5B6D97}.Release|Any CPU.ActiveCfg = Release|Any CPU
		{BDF55178-AF2E-44A0-8B0E-EE35ED5B6D97}.Release|Any CPU.Build.0 = Release|Any CPU
		{58106FFA-090E-4345-A70F-5A79C43C1F05}.Debug|Any CPU.ActiveCfg = Debug|Any CPU
		{58106FFA-090E-4345-A70F-5A79C43C1F05}.Debug|Any CPU.Build.0 = Debug|Any CPU
		{58106FFA-090E-4345-A70F-5A79C43C1F05}.Release|Any CPU.ActiveCfg = Release|Any CPU
		{58106FFA-090E-4345-A70F-5A79C43C1F05}.Release|Any CPU.Build.0 = Release|Any CPU
	EndGlobalSection
	GlobalSection(SolutionProperties) = preSolution
		HideSolutionNode = FALSE
	EndGlobalSection
	GlobalSection(ExtensibilityGlobals) = postSolution
		SolutionGuid = {D41BE364-94EF-4729-A06C-BE4FFC13FAEF}
	EndGlobalSection
EndGlobal
